
Microsoft Visual Studio Solution File, Format Version 12.00
# Visual Studio Version 16
VisualStudioVersion = 16.0.28803.202
MinimumVisualStudioVersion = 10.0.40219.1
Project("{FAE04EC0-301F-11D3-BF4B-00C04F79EFBC}") = "Bars for a minecraft world", "Bars for a minecraft world\Bars for a minecraft world.csproj", "{25475F73-8504-46B6-AA23-F6B12BC9E527}"
EndProject
Global
	GlobalSection(SolutionConfigurationPlatforms) = preSolution
		Debug|Any CPU = Debug|Any CPU
		Release|Any CPU = Release|Any CPU
	EndGlobalSection
	GlobalSection(ProjectConfigurationPlatforms) = postSolution
		{25475F73-8504-46B6-AA23-F6B12BC9E527}.Debug|Any CPU.ActiveCfg = Debug|Any CPU
		{25475F73-8504-46B6-AA23-F6B12BC9E527}.Debug|Any CPU.Build.0 = Debug|Any CPU
		{25475F73-8504-46B6-AA23-F6B12BC9E527}.Release|Any CPU.ActiveCfg = Release|Any CPU
		{25475F73-8504-46B6-AA23-F6B12BC9E527}.Release|Any CPU.Build.0 = Release|Any CPU
	EndGlobalSection
	GlobalSection(SolutionProperties) = preSolution
		HideSolutionNode = FALSE
	EndGlobalSection
	GlobalSection(ExtensibilityGlobals) = postSolution
		SolutionGuid = {88ECFAD3-8F03-4FE8-BC7E-C4DACD8164DB}
	EndGlobalSection
EndGlobal
